// !$*UTF8*$!
{
	archiveVersion = 1;
	classes = {
	};
	objectVersion = 56;
	objects = {

/* Begin PBXBuildFile section */
		4B90527C2A9D861F00A4B0F3 /* TrackEverythingApp.swift in Sources */ = {isa = PBXBuildFile; fileRef = 4B90527B2A9D861F00A4B0F3 /* TrackEverythingApp.swift */; };
		4B90527E2A9D861F00A4B0F3 /* ContentView.swift in Sources */ = {isa = PBXBuildFile; fileRef = 4B90527D2A9D861F00A4B0F3 /* ContentView.swift */; };
		4B9052802A9D862000A4B0F3 /* Assets.xcassets in Resources */ = {isa = PBXBuildFile; fileRef = 4B90527F2A9D862000A4B0F3 /* Assets.xcassets */; };
		4B9052832A9D862000A4B0F3 /* Preview Assets.xcassets in Resources */ = {isa = PBXBuildFile; fileRef = 4B9052822A9D862000A4B0F3 /* Preview Assets.xcassets */; };
		4B9052922A9D8A6300A4B0F3 /* RatingView.swift in Sources */ = {isa = PBXBuildFile; fileRef = 4B9052912A9D8A6300A4B0F3 /* RatingView.swift */; };
		4B9052D22AA7969A00A4B0F3 /* TrackEverythingDataModel.xcdatamodeld in Sources */ = {isa = PBXBuildFile; fileRef = 4B9052D02AA7969A00A4B0F3 /* TrackEverythingDataModel.xcdatamodeld */; };
		4B9052D42AA7977300A4B0F3 /* MediaEntityDetailView.swift in Sources */ = {isa = PBXBuildFile; fileRef = 4B9052D32AA7977300A4B0F3 /* MediaEntityDetailView.swift */; };
		4B9052D62AA798D800A4B0F3 /* DataController.swift in Sources */ = {isa = PBXBuildFile; fileRef = 4B9052D52AA798D800A4B0F3 /* DataController.swift */; };
		4B9052FB2AA8E65C00A4B0F3 /* MediaEntity+CoreDataClass.swift in Sources */ = {isa = PBXBuildFile; fileRef = 4B9052F92AA8E65C00A4B0F3 /* MediaEntity+CoreDataClass.swift */; };
		4B9052FC2AA8E65C00A4B0F3 /* MediaEntity+CoreDataProperties.swift in Sources */ = {isa = PBXBuildFile; fileRef = 4B9052FA2AA8E65C00A4B0F3 /* MediaEntity+CoreDataProperties.swift */; };
		4BC289C22AAFAEEB000BD5F2 /* TrackedEntityView.swift in Sources */ = {isa = PBXBuildFile; fileRef = 4BC289C12AAFAEEB000BD5F2 /* TrackedEntityView.swift */; };
		4BC289C42AAFB5FB000BD5F2 /* AddEntityView.swift in Sources */ = {isa = PBXBuildFile; fileRef = 4BC289C32AAFB5FB000BD5F2 /* AddEntityView.swift */; };
		4BC289C62AAFB8E9000BD5F2 /* EntityTypes.swift in Sources */ = {isa = PBXBuildFile; fileRef = 4BC289C52AAFB8E9000BD5F2 /* EntityTypes.swift */; };
		4BC289CA2AB1025B000BD5F2 /* EntityGenres.json in Resources */ = {isa = PBXBuildFile; fileRef = 4BC289C92AB1025B000BD5F2 /* EntityGenres.json */; };
		4BC289DB2AB26A92000BD5F2 /* Note+CoreDataClass.swift in Sources */ = {isa = PBXBuildFile; fileRef = 4BC289D92AB26A92000BD5F2 /* Note+CoreDataClass.swift */; };
		4BC289DC2AB26A92000BD5F2 /* Note+CoreDataProperties.swift in Sources */ = {isa = PBXBuildFile; fileRef = 4BC289DA2AB26A92000BD5F2 /* Note+CoreDataProperties.swift */; };
		4BC289DE2AB26DF6000BD5F2 /* AddNoteView.swift in Sources */ = {isa = PBXBuildFile; fileRef = 4BC289DD2AB26DF6000BD5F2 /* AddNoteView.swift */; };
		4BC289E02ABA4EDA000BD5F2 /* EditEntityView.swift in Sources */ = {isa = PBXBuildFile; fileRef = 4BC289DF2ABA4EDA000BD5F2 /* EditEntityView.swift */; };
		4BC289E42ABBAC3A000BD5F2 /* RatingAlertView.swift in Sources */ = {isa = PBXBuildFile; fileRef = 4BC289E32ABBAC3A000BD5F2 /* RatingAlertView.swift */; };
		4BC289E62ABF9B5E000BD5F2 /* Color-Theme.swift in Sources */ = {isa = PBXBuildFile; fileRef = 4BC289E52ABF9B5E000BD5F2 /* Color-Theme.swift */; };
/* End PBXBuildFile section */

/* Begin PBXFileReference section */
		4B9052782A9D861F00A4B0F3 /* TrackEverything.app */ = {isa = PBXFileReference; explicitFileType = wrapper.application; includeInIndex = 0; path = TrackEverything.app; sourceTree = BUILT_PRODUCTS_DIR; };
		4B90527B2A9D861F00A4B0F3 /* TrackEverythingApp.swift */ = {isa = PBXFileReference; lastKnownFileType = sourcecode.swift; path = TrackEverythingApp.swift; sourceTree = "<group>"; };
		4B90527D2A9D861F00A4B0F3 /* ContentView.swift */ = {isa = PBXFileReference; lastKnownFileType = sourcecode.swift; path = ContentView.swift; sourceTree = "<group>"; };
		4B90527F2A9D862000A4B0F3 /* Assets.xcassets */ = {isa = PBXFileReference; lastKnownFileType = folder.assetcatalog; path = Assets.xcassets; sourceTree = "<group>"; };
		4B9052822A9D862000A4B0F3 /* Preview Assets.xcassets */ = {isa = PBXFileReference; lastKnownFileType = folder.assetcatalog; path = "Preview Assets.xcassets"; sourceTree = "<group>"; };
		4B9052912A9D8A6300A4B0F3 /* RatingView.swift */ = {isa = PBXFileReference; lastKnownFileType = sourcecode.swift; path = RatingView.swift; sourceTree = "<group>"; };
		4B9052D12AA7969A00A4B0F3 /* TrackEverythingDataModel.xcdatamodel */ = {isa = PBXFileReference; lastKnownFileType = wrapper.xcdatamodel; path = TrackEverythingDataModel.xcdatamodel; sourceTree = "<group>"; };
		4B9052D32AA7977300A4B0F3 /* MediaEntityDetailView.swift */ = {isa = PBXFileReference; lastKnownFileType = sourcecode.swift; path = MediaEntityDetailView.swift; sourceTree = "<group>"; };
		4B9052D52AA798D800A4B0F3 /* DataController.swift */ = {isa = PBXFileReference; lastKnownFileType = sourcecode.swift; path = DataController.swift; sourceTree = "<group>"; };
		4B9052F92AA8E65C00A4B0F3 /* MediaEntity+CoreDataClass.swift */ = {isa = PBXFileReference; lastKnownFileType = sourcecode.swift; name = "MediaEntity+CoreDataClass.swift"; path = "../MediaEntity+CoreDataClass.swift"; sourceTree = "<group>"; };
		4B9052FA2AA8E65C00A4B0F3 /* MediaEntity+CoreDataProperties.swift */ = {isa = PBXFileReference; lastKnownFileType = sourcecode.swift; name = "MediaEntity+CoreDataProperties.swift"; path = "../MediaEntity+CoreDataProperties.swift"; sourceTree = "<group>"; };
		4BC289C12AAFAEEB000BD5F2 /* TrackedEntityView.swift */ = {isa = PBXFileReference; lastKnownFileType = sourcecode.swift; path = TrackedEntityView.swift; sourceTree = "<group>"; };
		4BC289C32AAFB5FB000BD5F2 /* AddEntityView.swift */ = {isa = PBXFileReference; lastKnownFileType = sourcecode.swift; path = AddEntityView.swift; sourceTree = "<group>"; };
		4BC289C52AAFB8E9000BD5F2 /* EntityTypes.swift */ = {isa = PBXFileReference; lastKnownFileType = sourcecode.swift; path = EntityTypes.swift; sourceTree = "<group>"; };
		4BC289C92AB1025B000BD5F2 /* EntityGenres.json */ = {isa = PBXFileReference; lastKnownFileType = text.json; path = EntityGenres.json; sourceTree = "<group>"; };
		4BC289D92AB26A92000BD5F2 /* Note+CoreDataClass.swift */ = {isa = PBXFileReference; lastKnownFileType = sourcecode.swift; path = "Note+CoreDataClass.swift"; sourceTree = "<group>"; };
		4BC289DA2AB26A92000BD5F2 /* Note+CoreDataProperties.swift */ = {isa = PBXFileReference; lastKnownFileType = sourcecode.swift; path = "Note+CoreDataProperties.swift"; sourceTree = "<group>"; };
		4BC289DD2AB26DF6000BD5F2 /* AddNoteView.swift */ = {isa = PBXFileReference; lastKnownFileType = sourcecode.swift; path = AddNoteView.swift; sourceTree = "<group>"; };
		4BC289DF2ABA4EDA000BD5F2 /* EditEntityView.swift */ = {isa = PBXFileReference; lastKnownFileType = sourcecode.swift; path = EditEntityView.swift; sourceTree = "<group>"; };
		4BC289E32ABBAC3A000BD5F2 /* RatingAlertView.swift */ = {isa = PBXFileReference; lastKnownFileType = sourcecode.swift; path = RatingAlertView.swift; sourceTree = "<group>"; };
		4BC289E52ABF9B5E000BD5F2 /* Color-Theme.swift */ = {isa = PBXFileReference; lastKnownFileType = sourcecode.swift; path = "Color-Theme.swift"; sourceTree = "<group>"; };
/* End PBXFileReference section */

/* Begin PBXFrameworksBuildPhase section */
		4B9052752A9D861F00A4B0F3 /* Frameworks */ = {
			isa = PBXFrameworksBuildPhase;
			buildActionMask = 2147483647;
			files = (
			);
			runOnlyForDeploymentPostprocessing = 0;
		};
/* End PBXFrameworksBuildPhase section */

/* Begin PBXGroup section */
		4B90526F2A9D861F00A4B0F3 = {
			isa = PBXGroup;
			children = (
				4BC289D92AB26A92000BD5F2 /* Note+CoreDataClass.swift */,
				4BC289DA2AB26A92000BD5F2 /* Note+CoreDataProperties.swift */,
				4B90527A2A9D861F00A4B0F3 /* TrackEverything */,
				4B9052792A9D861F00A4B0F3 /* Products */,
			);
			sourceTree = "<group>";
		};
		4B9052792A9D861F00A4B0F3 /* Products */ = {
			isa = PBXGroup;
			children = (
				4B9052782A9D861F00A4B0F3 /* TrackEverything.app */,
			);
			name = Products;
			sourceTree = "<group>";
		};
		4B90527A2A9D861F00A4B0F3 /* TrackEverything */ = {
			isa = PBXGroup;
			children = (
				4B9052F92AA8E65C00A4B0F3 /* MediaEntity+CoreDataClass.swift */,
				4B9052FA2AA8E65C00A4B0F3 /* MediaEntity+CoreDataProperties.swift */,
				4B9052D02AA7969A00A4B0F3 /* TrackEverythingDataModel.xcdatamodeld */,
				4B9052D52AA798D800A4B0F3 /* DataController.swift */,
				4B90527B2A9D861F00A4B0F3 /* TrackEverythingApp.swift */,
				4B90527D2A9D861F00A4B0F3 /* ContentView.swift */,
				4B9052D32AA7977300A4B0F3 /* MediaEntityDetailView.swift */,
				4BC289DD2AB26DF6000BD5F2 /* AddNoteView.swift */,
				4BC289DF2ABA4EDA000BD5F2 /* EditEntityView.swift */,
				4BC289C12AAFAEEB000BD5F2 /* TrackedEntityView.swift */,
				4BC289E52ABF9B5E000BD5F2 /* Color-Theme.swift */,
				4BC289E32ABBAC3A000BD5F2 /* RatingAlertView.swift */,
				4BC289C92AB1025B000BD5F2 /* EntityGenres.json */,
				4BC289C32AAFB5FB000BD5F2 /* AddEntityView.swift */,
				4BC289C52AAFB8E9000BD5F2 /* EntityTypes.swift */,
				4B9052912A9D8A6300A4B0F3 /* RatingView.swift */,
				4B90527F2A9D862000A4B0F3 /* Assets.xcassets */,
				4B9052812A9D862000A4B0F3 /* Preview Content */,
			);
			path = TrackEverything;
			sourceTree = "<group>";
		};
		4B9052812A9D862000A4B0F3 /* Preview Content */ = {
			isa = PBXGroup;
			children = (
				4B9052822A9D862000A4B0F3 /* Preview Assets.xcassets */,
			);
			path = "Preview Content";
			sourceTree = "<group>";
		};
/* End PBXGroup section */

/* Begin PBXNativeTarget section */
		4B9052772A9D861F00A4B0F3 /* TrackEverything */ = {
			isa = PBXNativeTarget;
			buildConfigurationList = 4B9052862A9D862000A4B0F3 /* Build configuration list for PBXNativeTarget "TrackEverything" */;
			buildPhases = (
				4B9052742A9D861F00A4B0F3 /* Sources */,
				4B9052752A9D861F00A4B0F3 /* Frameworks */,
				4B9052762A9D861F00A4B0F3 /* Resources */,
			);
			buildRules = (
			);
			dependencies = (
			);
			name = TrackEverything;
			productName = TrackEverything;
			productReference = 4B9052782A9D861F00A4B0F3 /* TrackEverything.app */;
			productType = "com.apple.product-type.application";
		};
/* End PBXNativeTarget section */

/* Begin PBXProject section */
		4B9052702A9D861F00A4B0F3 /* Project object */ = {
			isa = PBXProject;
			attributes = {
				BuildIndependentTargetsInParallel = 1;
				LastSwiftUpdateCheck = 1430;
				LastUpgradeCheck = 1430;
				TargetAttributes = {
					4B9052772A9D861F00A4B0F3 = {
						CreatedOnToolsVersion = 14.3.1;
					};
				};
			};
			buildConfigurationList = 4B9052732A9D861F00A4B0F3 /* Build configuration list for PBXProject "TrackEverything" */;
			compatibilityVersion = "Xcode 14.0";
			developmentRegion = en;
			hasScannedForEncodings = 0;
			knownRegions = (
				en,
				Base,
			);
			mainGroup = 4B90526F2A9D861F00A4B0F3;
			productRefGroup = 4B9052792A9D861F00A4B0F3 /* Products */;
			projectDirPath = "";
			projectRoot = "";
			targets = (
				4B9052772A9D861F00A4B0F3 /* TrackEverything */,
			);
		};
/* End PBXProject section */

/* Begin PBXResourcesBuildPhase section */
		4B9052762A9D861F00A4B0F3 /* Resources */ = {
			isa = PBXResourcesBuildPhase;
			buildActionMask = 2147483647;
			files = (
				4BC289CA2AB1025B000BD5F2 /* EntityGenres.json in Resources */,
				4B9052832A9D862000A4B0F3 /* Preview Assets.xcassets in Resources */,
				4B9052802A9D862000A4B0F3 /* Assets.xcassets in Resources */,
			);
			runOnlyForDeploymentPostprocessing = 0;
		};
/* End PBXResourcesBuildPhase section */

/* Begin PBXSourcesBuildPhase section */
		4B9052742A9D861F00A4B0F3 /* Sources */ = {
			isa = PBXSourcesBuildPhase;
			buildActionMask = 2147483647;
			files = (
				4B90527E2A9D861F00A4B0F3 /* ContentView.swift in Sources */,
				4B9052D62AA798D800A4B0F3 /* DataController.swift in Sources */,
				4B9052FB2AA8E65C00A4B0F3 /* MediaEntity+CoreDataClass.swift in Sources */,
				4BC289DC2AB26A92000BD5F2 /* Note+CoreDataProperties.swift in Sources */,
				4BC289C22AAFAEEB000BD5F2 /* TrackedEntityView.swift in Sources */,
				4BC289E62ABF9B5E000BD5F2 /* Color-Theme.swift in Sources */,
				4B90527C2A9D861F00A4B0F3 /* TrackEverythingApp.swift in Sources */,
				4BC289C42AAFB5FB000BD5F2 /* AddEntityView.swift in Sources */,
				4B9052D42AA7977300A4B0F3 /* MediaEntityDetailView.swift in Sources */,
				4BC289E42ABBAC3A000BD5F2 /* RatingAlertView.swift in Sources */,
				4B9052D22AA7969A00A4B0F3 /* TrackEverythingDataModel.xcdatamodeld in Sources */,
				4BC289C62AAFB8E9000BD5F2 /* EntityTypes.swift in Sources */,
				4BC289E02ABA4EDA000BD5F2 /* EditEntityView.swift in Sources */,
				4BC289DB2AB26A92000BD5F2 /* Note+CoreDataClass.swift in Sources */,
				4B9052922A9D8A6300A4B0F3 /* RatingView.swift in Sources */,
				4BC289DE2AB26DF6000BD5F2 /* AddNoteView.swift in Sources */,
				4B9052FC2AA8E65C00A4B0F3 /* MediaEntity+CoreDataProperties.swift in Sources */,
			);
			runOnlyForDeploymentPostprocessing = 0;
		};
/* End PBXSourcesBuildPhase section */

/* Begin XCBuildConfiguration section */
		4B9052842A9D862000A4B0F3 /* Debug */ = {
			isa = XCBuildConfiguration;
			buildSettings = {
				ALWAYS_SEARCH_USER_PATHS = NO;
				CLANG_ANALYZER_NONNULL = YES;
				CLANG_ANALYZER_NUMBER_OBJECT_CONVERSION = YES_AGGRESSIVE;
				CLANG_CXX_LANGUAGE_STANDARD = "gnu++20";
				CLANG_ENABLE_MODULES = YES;
				CLANG_ENABLE_OBJC_ARC = YES;
				CLANG_ENABLE_OBJC_WEAK = YES;
				CLANG_WARN_BLOCK_CAPTURE_AUTORELEASING = YES;
				CLANG_WARN_BOOL_CONVERSION = YES;
				CLANG_WARN_COMMA = YES;
				CLANG_WARN_CONSTANT_CONVERSION = YES;
				CLANG_WARN_DEPRECATED_OBJC_IMPLEMENTATIONS = YES;
				CLANG_WARN_DIRECT_OBJC_ISA_USAGE = YES_ERROR;
				CLANG_WARN_DOCUMENTATION_COMMENTS = YES;
				CLANG_WARN_EMPTY_BODY = YES;
				CLANG_WARN_ENUM_CONVERSION = YES;
				CLANG_WARN_INFINITE_RECURSION = YES;
				CLANG_WARN_INT_CONVERSION = YES;
				CLANG_WARN_NON_LITERAL_NULL_CONVERSION = YES;
				CLANG_WARN_OBJC_IMPLICIT_RETAIN_SELF = YES;
				CLANG_WARN_OBJC_LITERAL_CONVERSION = YES;
				CLANG_WARN_OBJC_ROOT_CLASS = YES_ERROR;
				CLANG_WARN_QUOTED_INCLUDE_IN_FRAMEWORK_HEADER = YES;
				CLANG_WARN_RANGE_LOOP_ANALYSIS = YES;
				CLANG_WARN_STRICT_PROTOTYPES = YES;
				CLANG_WARN_SUSPICIOUS_MOVE = YES;
				CLANG_WARN_UNGUARDED_AVAILABILITY = YES_AGGRESSIVE;
				CLANG_WARN_UNREACHABLE_CODE = YES;
				CLANG_WARN__DUPLICATE_METHOD_MATCH = YES;
				COPY_PHASE_STRIP = NO;
				DEBUG_INFORMATION_FORMAT = dwarf;
				ENABLE_STRICT_OBJC_MSGSEND = YES;
				ENABLE_TESTABILITY = YES;
				GCC_C_LANGUAGE_STANDARD = gnu11;
				GCC_DYNAMIC_NO_PIC = NO;
				GCC_NO_COMMON_BLOCKS = YES;
				GCC_OPTIMIZATION_LEVEL = 0;
				GCC_PREPROCESSOR_DEFINITIONS = (
					"DEBUG=1",
					"$(inherited)",
				);
				GCC_WARN_64_TO_32_BIT_CONVERSION = YES;
				GCC_WARN_ABOUT_RETURN_TYPE = YES_ERROR;
				GCC_WARN_UNDECLARED_SELECTOR = YES;
				GCC_WARN_UNINITIALIZED_AUTOS = YES_AGGRESSIVE;
				GCC_WARN_UNUSED_FUNCTION = YES;
				GCC_WARN_UNUSED_VARIABLE = YES;
				IPHONEOS_DEPLOYMENT_TARGET = 16.4;
				MTL_ENABLE_DEBUG_INFO = INCLUDE_SOURCE;
				MTL_FAST_MATH = YES;
				ONLY_ACTIVE_ARCH = YES;
				SDKROOT = iphoneos;
				SWIFT_ACTIVE_COMPILATION_CONDITIONS = DEBUG;
				SWIFT_OPTIMIZATION_LEVEL = "-Onone";
			};
			name = Debug;
		};
		4B9052852A9D862000A4B0F3 /* Release */ = {
			isa = XCBuildConfiguration;
			buildSettings = {
				ALWAYS_SEARCH_USER_PATHS = NO;
				CLANG_ANALYZER_NONNULL = YES;
				CLANG_ANALYZER_NUMBER_OBJECT_CONVERSION = YES_AGGRESSIVE;
				CLANG_CXX_LANGUAGE_STANDARD = "gnu++20";
				CLANG_ENABLE_MODULES = YES;
				CLANG_ENABLE_OBJC_ARC = YES;
				CLANG_ENABLE_OBJC_WEAK = YES;
				CLANG_WARN_BLOCK_CAPTURE_AUTORELEASING = YES;
				CLANG_WARN_BOOL_CONVERSION = YES;
				CLANG_WARN_COMMA = YES;
				CLANG_WARN_CONSTANT_CONVERSION = YES;
				CLANG_WARN_DEPRECATED_OBJC_IMPLEMENTATIONS = YES;
				CLANG_WARN_DIRECT_OBJC_ISA_USAGE = YES_ERROR;
				CLANG_WARN_DOCUMENTATION_COMMENTS = YES;
				CLANG_WARN_EMPTY_BODY = YES;
				CLANG_WARN_ENUM_CONVERSION = YES;
				CLANG_WARN_INFINITE_RECURSION = YES;
				CLANG_WARN_INT_CONVERSION = YES;
				CLANG_WARN_NON_LITERAL_NULL_CONVERSION = YES;
				CLANG_WARN_OBJC_IMPLICIT_RETAIN_SELF = YES;
				CLANG_WARN_OBJC_LITERAL_CONVERSION = YES;
				CLANG_WARN_OBJC_ROOT_CLASS = YES_ERROR;
				CLANG_WARN_QUOTED_INCLUDE_IN_FRAMEWORK_HEADER = YES;
				CLANG_WARN_RANGE_LOOP_ANALYSIS = YES;
				CLANG_WARN_STRICT_PROTOTYPES = YES;
				CLANG_WARN_SUSPICIOUS_MOVE = YES;
				CLANG_WARN_UNGUARDED_AVAILABILITY = YES_AGGRESSIVE;
				CLANG_WARN_UNREACHABLE_CODE = YES;
				CLANG_WARN__DUPLICATE_METHOD_MATCH = YES;
				COPY_PHASE_STRIP = NO;
				DEBUG_INFORMATION_FORMAT = "dwarf-with-dsym";
				ENABLE_NS_ASSERTIONS = NO;
				ENABLE_STRICT_OBJC_MSGSEND = YES;
				GCC_C_LANGUAGE_STANDARD = gnu11;
				GCC_NO_COMMON_BLOCKS = YES;
				GCC_WARN_64_TO_32_BIT_CONVERSION = YES;
				GCC_WARN_ABOUT_RETURN_TYPE = YES_ERROR;
				GCC_WARN_UNDECLARED_SELECTOR = YES;
				GCC_WARN_UNINITIALIZED_AUTOS = YES_AGGRESSIVE;
				GCC_WARN_UNUSED_FUNCTION = YES;
				GCC_WARN_UNUSED_VARIABLE = YES;
				IPHONEOS_DEPLOYMENT_TARGET = 16.4;
				MTL_ENABLE_DEBUG_INFO = NO;
				MTL_FAST_MATH = YES;
				SDKROOT = iphoneos;
				SWIFT_COMPILATION_MODE = wholemodule;
				SWIFT_OPTIMIZATION_LEVEL = "-O";
				VALIDATE_PRODUCT = YES;
			};
			name = Release;
		};
		4B9052872A9D862000A4B0F3 /* Debug */ = {
			isa = XCBuildConfiguration;
			buildSettings = {
				ASSETCATALOG_COMPILER_APPICON_NAME = AppIcon;
				ASSETCATALOG_COMPILER_GLOBAL_ACCENT_COLOR_NAME = AccentColor;
				CODE_SIGN_STYLE = Automatic;
				CURRENT_PROJECT_VERSION = 1;
				DEVELOPMENT_ASSET_PATHS = "\"TrackEverything/Preview Content\"";
				ENABLE_PREVIEWS = YES;
				GENERATE_INFOPLIST_FILE = YES;
				INFOPLIST_KEY_UIApplicationSceneManifest_Generation = YES;
				INFOPLIST_KEY_UIApplicationSupportsIndirectInputEvents = YES;
				INFOPLIST_KEY_UILaunchScreen_Generation = YES;
				INFOPLIST_KEY_UISupportedInterfaceOrientations_iPad = "UIInterfaceOrientationPortrait UIInterfaceOrientationPortraitUpsideDown UIInterfaceOrientationLandscapeLeft UIInterfaceOrientationLandscapeRight";
				INFOPLIST_KEY_UISupportedInterfaceOrientations_iPhone = "UIInterfaceOrientationPortrait UIInterfaceOrientationLandscapeLeft UIInterfaceOrientationLandscapeRight";
				LD_RUNPATH_SEARCH_PATHS = (
					"$(inherited)",
					"@executable_path/Frameworks",
				);
				MARKETING_VERSION = 1.0;
				PRODUCT_BUNDLE_IDENTIFIER = me.Saxl.Julian.TrackEverything;
				PRODUCT_NAME = "$(TARGET_NAME)";
				SWIFT_EMIT_LOC_STRINGS = YES;
				SWIFT_VERSION = 5.0;
				TARGETED_DEVICE_FAMILY = "1,2";
			};
			name = Debug;
		};
		4B9052882A9D862000A4B0F3 /* Release */ = {
			isa = XCBuildConfiguration;
			buildSettings = {
				ASSETCATALOG_COMPILER_APPICON_NAME = AppIcon;
				ASSETCATALOG_COMPILER_GLOBAL_ACCENT_COLOR_NAME = AccentColor;
				CODE_SIGN_STYLE = Automatic;
				CURRENT_PROJECT_VERSION = 1;
				DEVELOPMENT_ASSET_PATHS = "\"TrackEverything/Preview Content\"";
				ENABLE_PREVIEWS = YES;
				GENERATE_INFOPLIST_FILE = YES;
				INFOPLIST_KEY_UIApplicationSceneManifest_Generation = YES;
				INFOPLIST_KEY_UIApplicationSupportsIndirectInputEvents = YES;
				INFOPLIST_KEY_UILaunchScreen_Generation = YES;
				INFOPLIST_KEY_UISupportedInterfaceOrientations_iPad = "UIInterfaceOrientationPortrait UIInterfaceOrientationPortraitUpsideDown UIInterfaceOrientationLandscapeLeft UIInterfaceOrientationLandscapeRight";
				INFOPLIST_KEY_UISupportedInterfaceOrientations_iPhone = "UIInterfaceOrientationPortrait UIInterfaceOrientationLandscapeLeft UIInterfaceOrientationLandscapeRight";
				LD_RUNPATH_SEARCH_PATHS = (
					"$(inherited)",
					"@executable_path/Frameworks",
				);
				MARKETING_VERSION = 1.0;
				PRODUCT_BUNDLE_IDENTIFIER = me.Saxl.Julian.TrackEverything;
				PRODUCT_NAME = "$(TARGET_NAME)";
				SWIFT_EMIT_LOC_STRINGS = YES;
				SWIFT_VERSION = 5.0;
				TARGETED_DEVICE_FAMILY = "1,2";
			};
			name = Release;
		};
/* End XCBuildConfiguration section */

/* Begin XCConfigurationList section */
		4B9052732A9D861F00A4B0F3 /* Build configuration list for PBXProject "TrackEverything" */ = {
			isa = XCConfigurationList;
			buildConfigurations = (
				4B9052842A9D862000A4B0F3 /* Debug */,
				4B9052852A9D862000A4B0F3 /* Release */,
			);
			defaultConfigurationIsVisible = 0;
			defaultConfigurationName = Release;
		};
		4B9052862A9D862000A4B0F3 /* Build configuration list for PBXNativeTarget "TrackEverything" */ = {
			isa = XCConfigurationList;
			buildConfigurations = (
				4B9052872A9D862000A4B0F3 /* Debug */,
				4B9052882A9D862000A4B0F3 /* Release */,
			);
			defaultConfigurationIsVisible = 0;
			defaultConfigurationName = Release;
		};
/* End XCConfigurationList section */

/* Begin XCVersionGroup section */
		4B9052D02AA7969A00A4B0F3 /* TrackEverythingDataModel.xcdatamodeld */ = {
			isa = XCVersionGroup;
			children = (
				4B9052D12AA7969A00A4B0F3 /* TrackEverythingDataModel.xcdatamodel */,
			);
			currentVersion = 4B9052D12AA7969A00A4B0F3 /* TrackEverythingDataModel.xcdatamodel */;
			path = TrackEverythingDataModel.xcdatamodeld;
			sourceTree = "<group>";
			versionGroupType = wrapper.xcdatamodel;
		};
/* End XCVersionGroup section */
	};
	rootObject = 4B9052702A9D861F00A4B0F3 /* Project object */;
}
